
Microsoft Visual Studio Solution File, Format Version 12.00
# Visual Studio 15
Project("{FAE04EC0-301F-11D3-BF4B-00C04F79EFBC}") = "MoreMountains.Feedbacks", "MoreMountains.Feedbacks.csproj", "{63A1EB58-095A-1D6E-22E0-84ADA37CDE69}"
EndProject
Project("{FAE04EC0-301F-11D3-BF4B-00C04F79EFBC}") = "Lofelt.NiceVibrations.Demo", "Lofelt.NiceVibrations.Demo.csproj", "{397C27E0-43F2-FAE8-8725-76C9BB16C37C}"
EndProject
Project("{FAE04EC0-301F-11D3-BF4B-00C04F79EFBC}") = "MoreMountains.Feedbacks.Cinemachine", "MoreMountains.Feedbacks.Cinemachine.csproj", "{C93EE0EE-6D85-52A0-3BC3-BEF087AD79D1}"
EndProject
Project("{FAE04EC0-301F-11D3-BF4B-00C04F79EFBC}") = "MoreMountains.Tools", "MoreMountains.Tools.csproj", "{0BB0CBF0-205D-A757-99BB-DBF1D2C4D084}"
EndProject
Project("{FAE04EC0-301F-11D3-BF4B-00C04F79EFBC}") = "MoreMountains.Feedbacks.TextMeshPro", "MoreMountains.Feedbacks.TextMeshPro.csproj", "{7392DA52-5E41-89D8-D11C-6644B8EDC11D}"
EndProject
Project("{FAE04EC0-301F-11D3-BF4B-00C04F79EFBC}") = "MoreMountains.Tools.Editor", "MoreMountains.Tools.Editor.csproj", "{AFFE4604-1422-1A1E-2E5F-73A72AA7ED8F}"
EndProject
Project("{FAE04EC0-301F-11D3-BF4B-00C04F79EFBC}") = "MoreMountains.Feedbacks.Editor", "MoreMountains.Feedbacks.Editor.csproj", "{53A6B25A-3E3B-5304-5066-378512A7AD8B}"
EndProject
Project("{FAE04EC0-301F-11D3-BF4B-00C04F79EFBC}") = "MoreMountains.Feedbacks.URP", "MoreMountains.Feedbacks.URP.csproj", "{895D1A71-40B7-FFAB-0ED2-9F8A5EAD9F27}"
EndProject
Project("{FAE04EC0-301F-11D3-BF4B-00C04F79EFBC}") = "Assembly-CSharp", "Assembly-CSharp.csproj", "{C321A3B4-51C4-F4C9-A9C3-20C4897ABAE3}"
EndProject
Project("{FAE04EC0-301F-11D3-BF4B-00C04F79EFBC}") = "MoreMountains.Feedbacks.HDRP", "MoreMountains.Feedbacks.HDRP.csproj", "{983BD1F9-623F-CB75-607C-7135DD866B42}"
EndProject
Project("{FAE04EC0-301F-11D3-BF4B-00C04F79EFBC}") = "MoreMountains.Feedbacks.PostProcessing", "MoreMountains.Feedbacks.PostProcessing.csproj", "{5101E6BE-0EDF-F734-B430-4CFA3669B030}"
EndProject
Project("{FAE04EC0-301F-11D3-BF4B-00C04F79EFBC}") = "MoreMountains.Feedbacks.MMTools", "MoreMountains.Feedbacks.MMTools.csproj", "{00AC42E3-BBBC-9AE0-87D5-DD358CE64438}"
EndProject
Project("{FAE04EC0-301F-11D3-BF4B-00C04F79EFBC}") = "Lofelt.NiceVibrations", "Lofelt.NiceVibrations.csproj", "{7173179F-7F75-36E1-672A-14A66AE26C52}"
EndProject
Project("{FAE04EC0-301F-11D3-BF4B-00C04F79EFBC}") = "Assembly-CSharp-Editor", "Assembly-CSharp-Editor.csproj", "{EB8554D0-77AD-2EC8-D984-64FED368BD4D}"
EndProject
Project("{FAE04EC0-301F-11D3-BF4B-00C04F79EFBC}") = "Coffee.UIParticle", "Coffee.UIParticle.csproj", "{CFCECBFD-1A77-7429-2181-CCF8BBB0BFDD}"
EndProject
Project("{FAE04EC0-301F-11D3-BF4B-00C04F79EFBC}") = "ExcelImporter.Editor", "ExcelImporter.Editor.csproj", "{7811F3E2-15DC-5ED1-F6F2-BE5587D15446}"
EndProject
Project("{FAE04EC0-301F-11D3-BF4B-00C04F79EFBC}") = "MoreMountains.Feedbacks.NiceVibrations", "MoreMountains.Feedbacks.NiceVibrations.csproj", "{BB245D91-A39C-A7F4-9625-4E2FAE07BA36}"
EndProject
Project("{FAE04EC0-301F-11D3-BF4B-00C04F79EFBC}") = "ExcelImporter", "ExcelImporter.csproj", "{A06CA684-32F5-468B-EDA3-8A9CEDB64D7A}"
EndProject
Project("{FAE04EC0-301F-11D3-BF4B-00C04F79EFBC}") = "Coffee.UIParticle.Editor", "Coffee.UIParticle.Editor.csproj", "{906D483C-AF46-2360-4A2F-15FBF05C6974}"
EndProject
Project("{FAE04EC0-301F-11D3-BF4B-00C04F79EFBC}") = "Lofelt.NiceVibrations.Editor", "Lofelt.NiceVibrations.Editor.csproj", "{7BFB57D9-9928-AE87-0999-A61ADBCEA85B}"
EndProject
Project("{FAE04EC0-301F-11D3-BF4B-00C04F79EFBC}") = "MoreMountains.Feedbacks.Authorizations", "MoreMountains.Feedbacks.Authorizations.csproj", "{AD5AFF24-99DA-5BFD-5DAE-C9EE2CB59FBC}"
EndProject
Global
	GlobalSection(SolutionConfigurationPlatforms) = preSolution
		Debug|Any CPU = Debug|Any CPU
		Release|Any CPU = Release|Any CPU
	EndGlobalSection
	GlobalSection(ProjectConfigurationPlatforms) = postSolution
		{63A1EB58-095A-1D6E-22E0-84ADA37CDE69}.Debug|Any CPU.ActiveCfg = Debug|Any CPU
		{63A1EB58-095A-1D6E-22E0-84ADA37CDE69}.Debug|Any CPU.Build.0 = Debug|Any CPU
		{63A1EB58-095A-1D6E-22E0-84ADA37CDE69}.Release|Any CPU.ActiveCfg = Release|Any CPU
		{63A1EB58-095A-1D6E-22E0-84ADA37CDE69}.Release|Any CPU.Build.0 = Release|Any CPU
		{397C27E0-43F2-FAE8-8725-76C9BB16C37C}.Debug|Any CPU.ActiveCfg = Debug|Any CPU
		{397C27E0-43F2-FAE8-8725-76C9BB16C37C}.Debug|Any CPU.Build.0 = Debug|Any CPU
		{397C27E0-43F2-FAE8-8725-76C9BB16C37C}.Release|Any CPU.ActiveCfg = Release|Any CPU
		{397C27E0-43F2-FAE8-8725-76C9BB16C37C}.Release|Any CPU.Build.0 = Release|Any CPU
		{C93EE0EE-6D85-52A0-3BC3-BEF087AD79D1}.Debug|Any CPU.ActiveCfg = Debug|Any CPU
		{C93EE0EE-6D85-52A0-3BC3-BEF087AD79D1}.Debug|Any CPU.Build.0 = Debug|Any CPU
		{C93EE0EE-6D85-52A0-3BC3-BEF087AD79D1}.Release|Any CPU.ActiveCfg = Release|Any CPU
		{C93EE0EE-6D85-52A0-3BC3-BEF087AD79D1}.Release|Any CPU.Build.0 = Release|Any CPU
		{0BB0CBF0-205D-A757-99BB-DBF1D2C4D084}.Debug|Any CPU.ActiveCfg = Debug|Any CPU
		{0BB0CBF0-205D-A757-99BB-DBF1D2C4D084}.Debug|Any CPU.Build.0 = Debug|Any CPU
		{0BB0CBF0-205D-A757-99BB-DBF1D2C4D084}.Release|Any CPU.ActiveCfg = Release|Any CPU
		{0BB0CBF0-205D-A757-99BB-DBF1D2C4D084}.Release|Any CPU.Build.0 = Release|Any CPU
		{7392DA52-5E41-89D8-D11C-6644B8EDC11D}.Debug|Any CPU.ActiveCfg = Debug|Any CPU
		{7392DA52-5E41-89D8-D11C-6644B8EDC11D}.Debug|Any CPU.Build.0 = Debug|Any CPU
		{7392DA52-5E41-89D8-D11C-6644B8EDC11D}.Release|Any CPU.ActiveCfg = Release|Any CPU
		{7392DA52-5E41-89D8-D11C-6644B8EDC11D}.Release|Any CPU.Build.0 = Release|Any CPU
		{AFFE4604-1422-1A1E-2E5F-73A72AA7ED8F}.Debug|Any CPU.ActiveCfg = Debug|Any CPU
		{AFFE4604-1422-1A1E-2E5F-73A72AA7ED8F}.Debug|Any CPU.Build.0 = Debug|Any CPU
		{AFFE4604-1422-1A1E-2E5F-73A72AA7ED8F}.Release|Any CPU.ActiveCfg = Release|Any CPU
		{AFFE4604-1422-1A1E-2E5F-73A72AA7ED8F}.Release|Any CPU.Build.0 = Release|Any CPU
		{53A6B25A-3E3B-5304-5066-378512A7AD8B}.Debug|Any CPU.ActiveCfg = Debug|Any CPU
		{53A6B25A-3E3B-5304-5066-378512A7AD8B}.Debug|Any CPU.Build.0 = Debug|Any CPU
		{53A6B25A-3E3B-5304-5066-378512A7AD8B}.Release|Any CPU.ActiveCfg = Release|Any CPU
		{53A6B25A-3E3B-5304-5066-378512A7AD8B}.Release|Any CPU.Build.0 = Release|Any CPU
		{895D1A71-40B7-FFAB-0ED2-9F8A5EAD9F27}.Debug|Any CPU.ActiveCfg = Debug|Any CPU
		{895D1A71-40B7-FFAB-0ED2-9F8A5EAD9F27}.Debug|Any CPU.Build.0 = Debug|Any CPU
		{895D1A71-40B7-FFAB-0ED2-9F8A5EAD9F27}.Release|Any CPU.ActiveCfg = Release|Any CPU
		{895D1A71-40B7-FFAB-0ED2-9F8A5EAD9F27}.Release|Any CPU.Build.0 = Release|Any CPU
		{C321A3B4-51C4-F4C9-A9C3-20C4897ABAE3}.Debug|Any CPU.ActiveCfg = Debug|Any CPU
		{C321A3B4-51C4-F4C9-A9C3-20C4897ABAE3}.Debug|Any CPU.Build.0 = Debug|Any CPU
		{C321A3B4-51C4-F4C9-A9C3-20C4897ABAE3}.Release|Any CPU.ActiveCfg = Release|Any CPU
		{C321A3B4-51C4-F4C9-A9C3-20C4897ABAE3}.Release|Any CPU.Build.0 = Release|Any CPU
		{983BD1F9-623F-CB75-607C-7135DD866B42}.Debug|Any CPU.ActiveCfg = Debug|Any CPU
		{983BD1F9-623F-CB75-607C-7135DD866B42}.Debug|Any CPU.Build.0 = Debug|Any CPU
		{983BD1F9-623F-CB75-607C-7135DD866B42}.Release|Any CPU.ActiveCfg = Release|Any CPU
		{983BD1F9-623F-CB75-607C-7135DD866B42}.Release|Any CPU.Build.0 = Release|Any CPU
		{5101E6BE-0EDF-F734-B430-4CFA3669B030}.Debug|Any CPU.ActiveCfg = Debug|Any CPU
		{5101E6BE-0EDF-F734-B430-4CFA3669B030}.Debug|Any CPU.Build.0 = Debug|Any CPU
		{5101E6BE-0EDF-F734-B430-4CFA3669B030}.Release|Any CPU.ActiveCfg = Release|Any CPU
		{5101E6BE-0EDF-F734-B430-4CFA3669B030}.Release|Any CPU.Build.0 = Release|Any CPU
		{00AC42E3-BBBC-9AE0-87D5-DD358CE64438}.Debug|Any CPU.ActiveCfg = Debug|Any CPU
		{00AC42E3-BBBC-9AE0-87D5-DD358CE64438}.Debug|Any CPU.Build.0 = Debug|Any CPU
		{00AC42E3-BBBC-9AE0-87D5-DD358CE64438}.Release|Any CPU.ActiveCfg = Release|Any CPU
		{00AC42E3-BBBC-9AE0-87D5-DD358CE64438}.Release|Any CPU.Build.0 = Release|Any CPU
		{7173179F-7F75-36E1-672A-14A66AE26C52}.Debug|Any CPU.ActiveCfg = Debug|Any CPU
		{7173179F-7F75-36E1-672A-14A66AE26C52}.Debug|Any CPU.Build.0 = Debug|Any CPU
		{7173179F-7F75-36E1-672A-14A66AE26C52}.Release|Any CPU.ActiveCfg = Release|Any CPU
		{7173179F-7F75-36E1-672A-14A66AE26C52}.Release|Any CPU.Build.0 = Release|Any CPU
		{EB8554D0-77AD-2EC8-D984-64FED368BD4D}.Debug|Any CPU.ActiveCfg = Debug|Any CPU
		{EB8554D0-77AD-2EC8-D984-64FED368BD4D}.Debug|Any CPU.Build.0 = Debug|Any CPU
		{EB8554D0-77AD-2EC8-D984-64FED368BD4D}.Release|Any CPU.ActiveCfg = Release|Any CPU
		{EB8554D0-77AD-2EC8-D984-64FED368BD4D}.Release|Any CPU.Build.0 = Release|Any CPU
		{CFCECBFD-1A77-7429-2181-CCF8BBB0BFDD}.Debug|Any CPU.ActiveCfg = Debug|Any CPU
		{CFCECBFD-1A77-7429-2181-CCF8BBB0BFDD}.Debug|Any CPU.Build.0 = Debug|Any CPU
		{CFCECBFD-1A77-7429-2181-CCF8BBB0BFDD}.Release|Any CPU.ActiveCfg = Release|Any CPU
		{CFCECBFD-1A77-7429-2181-CCF8BBB0BFDD}.Release|Any CPU.Build.0 = Release|Any CPU
		{7811F3E2-15DC-5ED1-F6F2-BE5587D15446}.Debug|Any CPU.ActiveCfg = Debug|Any CPU
		{7811F3E2-15DC-5ED1-F6F2-BE5587D15446}.Debug|Any CPU.Build.0 = Debug|Any CPU
		{7811F3E2-15DC-5ED1-F6F2-BE5587D15446}.Release|Any CPU.ActiveCfg = Release|Any CPU
		{7811F3E2-15DC-5ED1-F6F2-BE5587D15446}.Release|Any CPU.Build.0 = Release|Any CPU
		{BB245D91-A39C-A7F4-9625-4E2FAE07BA36}.Debug|Any CPU.ActiveCfg = Debug|Any CPU
		{BB245D91-A39C-A7F4-9625-4E2FAE07BA36}.Debug|Any CPU.Build.0 = Debug|Any CPU
		{BB245D91-A39C-A7F4-9625-4E2FAE07BA36}.Release|Any CPU.ActiveCfg = Release|Any CPU
		{BB245D91-A39C-A7F4-9625-4E2FAE07BA36}.Release|Any CPU.Build.0 = Release|Any CPU
		{A06CA684-32F5-468B-EDA3-8A9CEDB64D7A}.Debug|Any CPU.ActiveCfg = Debug|Any CPU
		{A06CA684-32F5-468B-EDA3-8A9CEDB64D7A}.Debug|Any CPU.Build.0 = Debug|Any CPU
		{A06CA684-32F5-468B-EDA3-8A9CEDB64D7A}.Release|Any CPU.ActiveCfg = Release|Any CPU
		{A06CA684-32F5-468B-EDA3-8A9CEDB64D7A}.Release|Any CPU.Build.0 = Release|Any CPU
		{906D483C-AF46-2360-4A2F-15FBF05C6974}.Debug|Any CPU.ActiveCfg = Debug|Any CPU
		{906D483C-AF46-2360-4A2F-15FBF05C6974}.Debug|Any CPU.Build.0 = Debug|Any CPU
		{906D483C-AF46-2360-4A2F-15FBF05C6974}.Release|Any CPU.ActiveCfg = Release|Any CPU
		{906D483C-AF46-2360-4A2F-15FBF05C6974}.Release|Any CPU.Build.0 = Release|Any CPU
		{7BFB57D9-9928-AE87-0999-A61ADBCEA85B}.Debug|Any CPU.ActiveCfg = Debug|Any CPU
		{7BFB57D9-9928-AE87-0999-A61ADBCEA85B}.Debug|Any CPU.Build.0 = Debug|Any CPU
		{7BFB57D9-9928-AE87-0999-A61ADBCEA85B}.Release|Any CPU.ActiveCfg = Release|Any CPU
		{7BFB57D9-9928-AE87-0999-A61ADBCEA85B}.Release|Any CPU.Build.0 = Release|Any CPU
		{AD5AFF24-99DA-5BFD-5DAE-C9EE2CB59FBC}.Debug|Any CPU.ActiveCfg = Debug|Any CPU
		{AD5AFF24-99DA-5BFD-5DAE-C9EE2CB59FBC}.Debug|Any CPU.Build.0 = Debug|Any CPU
		{AD5AFF24-99DA-5BFD-5DAE-C9EE2CB59FBC}.Release|Any CPU.ActiveCfg = Release|Any CPU
		{AD5AFF24-99DA-5BFD-5DAE-C9EE2CB59FBC}.Release|Any CPU.Build.0 = Release|Any CPU
	EndGlobalSection
	GlobalSection(SolutionProperties) = preSolution
		HideSolutionNode = FALSE
	EndGlobalSection
EndGlobal
